
Microsoft Visual Studio Solution File, Format Version 12.00
# Visual Studio Version 17
VisualStudioVersion = 17.7.34018.315
MinimumVisualStudioVersion = 10.0.40219.1
Project("{FAE04EC0-301F-11D3-BF4B-00C04F79EFBC}") = "31.08.2023-HWMl3Prt2", "31.08.2023-HWMl3Prt2\31.08.2023-HWMl3Prt2.csproj", "{8B06886C-A66C-4471-AFDA-51B0B0D971A6}"
EndProject
Global
	GlobalSection(SolutionConfigurationPlatforms) = preSolution
		Debug|Any CPU = Debug|Any CPU
		Release|Any CPU = Release|Any CPU
	EndGlobalSection
	GlobalSection(ProjectConfigurationPlatforms) = postSolution
		{8B06886C-A66C-4471-AFDA-51B0B0D971A6}.Debug|Any CPU.ActiveCfg = Debug|Any CPU
		{8B06886C-A66C-4471-AFDA-51B0B0D971A6}.Debug|Any CPU.Build.0 = Debug|Any CPU
		{8B06886C-A66C-4471-AFDA-51B0B0D971A6}.Release|Any CPU.ActiveCfg = Release|Any CPU
		{8B06886C-A66C-4471-AFDA-51B0B0D971A6}.Release|Any CPU.Build.0 = Release|Any CPU
	EndGlobalSection
	GlobalSection(SolutionProperties) = preSolution
		HideSolutionNode = FALSE
	EndGlobalSection
	GlobalSection(ExtensibilityGlobals) = postSolution
		SolutionGuid = {E9B547DF-9B37-4CE6-95DF-C031E925C437}
	EndGlobalSection
EndGlobal
