
Microsoft Visual Studio Solution File, Format Version 12.00
# Visual Studio Version 17
VisualStudioVersion = 17.5.33530.505
MinimumVisualStudioVersion = 10.0.40219.1
Project("{8BC9CEB8-8B4A-11D0-8D11-00A0C91BC942}") = "20.04.23-HWSearch", "20.04.23-HWSearch\20.04.23-HWSearch.vcxproj", "{7705A651-422E-49B3-AC33-5627A4275266}"
EndProject
Global
	GlobalSection(SolutionConfigurationPlatforms) = preSolution
		Debug|x64 = Debug|x64
		Debug|x86 = Debug|x86
		Release|x64 = Release|x64
		Release|x86 = Release|x86
	EndGlobalSection
	GlobalSection(ProjectConfigurationPlatforms) = postSolution
		{7705A651-422E-49B3-AC33-5627A4275266}.Debug|x64.ActiveCfg = Debug|x64
		{7705A651-422E-49B3-AC33-5627A4275266}.Debug|x64.Build.0 = Debug|x64
		{7705A651-422E-49B3-AC33-5627A4275266}.Debug|x86.ActiveCfg = Debug|Win32
		{7705A651-422E-49B3-AC33-5627A4275266}.Debug|x86.Build.0 = Debug|Win32
		{7705A651-422E-49B3-AC33-5627A4275266}.Release|x64.ActiveCfg = Release|x64
		{7705A651-422E-49B3-AC33-5627A4275266}.Release|x64.Build.0 = Release|x64
		{7705A651-422E-49B3-AC33-5627A4275266}.Release|x86.ActiveCfg = Release|Win32
		{7705A651-422E-49B3-AC33-5627A4275266}.Release|x86.Build.0 = Release|Win32
	EndGlobalSection
	GlobalSection(SolutionProperties) = preSolution
		HideSolutionNode = FALSE
	EndGlobalSection
	GlobalSection(ExtensibilityGlobals) = postSolution
		SolutionGuid = {6C295F06-A9B7-43AF-9624-A386066F96C7}
	EndGlobalSection
EndGlobal
