
Microsoft Visual Studio Solution File, Format Version 12.00
# Visual Studio Version 17
VisualStudioVersion = 17.7.34018.315
MinimumVisualStudioVersion = 10.0.40219.1
Project("{FAE04EC0-301F-11D3-BF4B-00C04F79EFBC}") = "State", "State\State.csproj", "{BC405EC2-4663-4ABF-83C6-BF50A8EA1F30}"
EndProject
Global
	GlobalSection(SolutionConfigurationPlatforms) = preSolution
		Debug|Any CPU = Debug|Any CPU
		Release|Any CPU = Release|Any CPU
	EndGlobalSection
	GlobalSection(ProjectConfigurationPlatforms) = postSolution
		{BC405EC2-4663-4ABF-83C6-BF50A8EA1F30}.Debug|Any CPU.ActiveCfg = Debug|Any CPU
		{BC405EC2-4663-4ABF-83C6-BF50A8EA1F30}.Debug|Any CPU.Build.0 = Debug|Any CPU
		{BC405EC2-4663-4ABF-83C6-BF50A8EA1F30}.Release|Any CPU.ActiveCfg = Release|Any CPU
		{BC405EC2-4663-4ABF-83C6-BF50A8EA1F30}.Release|Any CPU.Build.0 = Release|Any CPU
	EndGlobalSection
	GlobalSection(SolutionProperties) = preSolution
		HideSolutionNode = FALSE
	EndGlobalSection
	GlobalSection(ExtensibilityGlobals) = postSolution
		SolutionGuid = {44B98528-55DF-440E-BF41-9CE3F33A8B6D}
	EndGlobalSection
EndGlobal
