
Microsoft Visual Studio Solution File, Format Version 12.00
# Visual Studio Version 17
VisualStudioVersion = 17.11.35431.28
MinimumVisualStudioVersion = 10.0.40219.1
Project("{FAE04EC0-301F-11D3-BF4B-00C04F79EFBC}") = "DevOps№3", "DevOps№3\DevOps№3.csproj", "{90219FFC-4FBC-478C-B7A8-5EF6F6245154}"
EndProject
Global
	GlobalSection(SolutionConfigurationPlatforms) = preSolution
		Debug|Any CPU = Debug|Any CPU
		Release|Any CPU = Release|Any CPU
	EndGlobalSection
	GlobalSection(ProjectConfigurationPlatforms) = postSolution
		{90219FFC-4FBC-478C-B7A8-5EF6F6245154}.Debug|Any CPU.ActiveCfg = Debug|Any CPU
		{90219FFC-4FBC-478C-B7A8-5EF6F6245154}.Debug|Any CPU.Build.0 = Debug|Any CPU
		{90219FFC-4FBC-478C-B7A8-5EF6F6245154}.Release|Any CPU.ActiveCfg = Release|Any CPU
		{90219FFC-4FBC-478C-B7A8-5EF6F6245154}.Release|Any CPU.Build.0 = Release|Any CPU
	EndGlobalSection
	GlobalSection(SolutionProperties) = preSolution
		HideSolutionNode = FALSE
	EndGlobalSection
	GlobalSection(ExtensibilityGlobals) = postSolution
		SolutionGuid = {65845F8F-9580-44EB-82FE-116AB2F6BFC9}
	EndGlobalSection
EndGlobal
