
Microsoft Visual Studio Solution File, Format Version 12.00
# Visual Studio Version 17
VisualStudioVersion = 17.7.34018.315
MinimumVisualStudioVersion = 10.0.40219.1
Project("{FAE04EC0-301F-11D3-BF4B-00C04F79EFBC}") = "08.10.23-CalcWinForms", "08.10.23-CalcWinForms\08.10.23-CalcWinForms.csproj", "{943CD29E-2028-4A01-BA25-A832F1D3725F}"
EndProject
Global
	GlobalSection(SolutionConfigurationPlatforms) = preSolution
		Debug|Any CPU = Debug|Any CPU
		Release|Any CPU = Release|Any CPU
	EndGlobalSection
	GlobalSection(ProjectConfigurationPlatforms) = postSolution
		{943CD29E-2028-4A01-BA25-A832F1D3725F}.Debug|Any CPU.ActiveCfg = Debug|Any CPU
		{943CD29E-2028-4A01-BA25-A832F1D3725F}.Debug|Any CPU.Build.0 = Debug|Any CPU
		{943CD29E-2028-4A01-BA25-A832F1D3725F}.Release|Any CPU.ActiveCfg = Release|Any CPU
		{943CD29E-2028-4A01-BA25-A832F1D3725F}.Release|Any CPU.Build.0 = Release|Any CPU
	EndGlobalSection
	GlobalSection(SolutionProperties) = preSolution
		HideSolutionNode = FALSE
	EndGlobalSection
	GlobalSection(ExtensibilityGlobals) = postSolution
		SolutionGuid = {4459B0CF-0846-4A79-AB27-5D916A8DD652}
	EndGlobalSection
EndGlobal
