
Microsoft Visual Studio Solution File, Format Version 12.00
# Visual Studio Version 17
VisualStudioVersion = 17.4.33213.308
MinimumVisualStudioVersion = 10.0.40219.1
Project("{8BC9CEB8-8B4A-11D0-8D11-00A0C91BC942}") = "LabworkHW2D", "LabworkHW2D\LabworkHW2D.vcxproj", "{FDD757DA-FFA0-4E06-AEEC-7B9268E52800}"
EndProject
Global
	GlobalSection(SolutionConfigurationPlatforms) = preSolution
		Debug|x64 = Debug|x64
		Debug|x86 = Debug|x86
		Release|x64 = Release|x64
		Release|x86 = Release|x86
	EndGlobalSection
	GlobalSection(ProjectConfigurationPlatforms) = postSolution
		{FDD757DA-FFA0-4E06-AEEC-7B9268E52800}.Debug|x64.ActiveCfg = Debug|x64
		{FDD757DA-FFA0-4E06-AEEC-7B9268E52800}.Debug|x64.Build.0 = Debug|x64
		{FDD757DA-FFA0-4E06-AEEC-7B9268E52800}.Debug|x86.ActiveCfg = Debug|Win32
		{FDD757DA-FFA0-4E06-AEEC-7B9268E52800}.Debug|x86.Build.0 = Debug|Win32
		{FDD757DA-FFA0-4E06-AEEC-7B9268E52800}.Release|x64.ActiveCfg = Release|x64
		{FDD757DA-FFA0-4E06-AEEC-7B9268E52800}.Release|x64.Build.0 = Release|x64
		{FDD757DA-FFA0-4E06-AEEC-7B9268E52800}.Release|x86.ActiveCfg = Release|Win32
		{FDD757DA-FFA0-4E06-AEEC-7B9268E52800}.Release|x86.Build.0 = Release|Win32
	EndGlobalSection
	GlobalSection(SolutionProperties) = preSolution
		HideSolutionNode = FALSE
	EndGlobalSection
	GlobalSection(ExtensibilityGlobals) = postSolution
		SolutionGuid = {47A54636-A56A-423B-93BB-74A5843D4B21}
	EndGlobalSection
EndGlobal
