
Microsoft Visual Studio Solution File, Format Version 12.00
# Visual Studio Version 17
VisualStudioVersion = 17.5.33530.505
MinimumVisualStudioVersion = 10.0.40219.1
Project("{8BC9CEB8-8B4A-11D0-8D11-00A0C91BC942}") = "18.07.23-HWRgxUrl", "18.07.23-HWRgxUrl\18.07.23-HWRgxUrl.vcxproj", "{8FDDCF1C-1BE7-4825-A539-CCC27A6D47AE}"
EndProject
Global
	GlobalSection(SolutionConfigurationPlatforms) = preSolution
		Debug|x64 = Debug|x64
		Debug|x86 = Debug|x86
		Release|x64 = Release|x64
		Release|x86 = Release|x86
	EndGlobalSection
	GlobalSection(ProjectConfigurationPlatforms) = postSolution
		{8FDDCF1C-1BE7-4825-A539-CCC27A6D47AE}.Debug|x64.ActiveCfg = Debug|x64
		{8FDDCF1C-1BE7-4825-A539-CCC27A6D47AE}.Debug|x64.Build.0 = Debug|x64
		{8FDDCF1C-1BE7-4825-A539-CCC27A6D47AE}.Debug|x86.ActiveCfg = Debug|Win32
		{8FDDCF1C-1BE7-4825-A539-CCC27A6D47AE}.Debug|x86.Build.0 = Debug|Win32
		{8FDDCF1C-1BE7-4825-A539-CCC27A6D47AE}.Release|x64.ActiveCfg = Release|x64
		{8FDDCF1C-1BE7-4825-A539-CCC27A6D47AE}.Release|x64.Build.0 = Release|x64
		{8FDDCF1C-1BE7-4825-A539-CCC27A6D47AE}.Release|x86.ActiveCfg = Release|Win32
		{8FDDCF1C-1BE7-4825-A539-CCC27A6D47AE}.Release|x86.Build.0 = Release|Win32
	EndGlobalSection
	GlobalSection(SolutionProperties) = preSolution
		HideSolutionNode = FALSE
	EndGlobalSection
	GlobalSection(ExtensibilityGlobals) = postSolution
		SolutionGuid = {4C449935-B797-4D20-9C13-C8C0FB26D827}
	EndGlobalSection
EndGlobal
